
Microsoft Visual Studio Solution File, Format Version 12.00
# Visual Studio 15
VisualStudioVersion = 15.0.27703.2035
MinimumVisualStudioVersion = 10.0.40219.1
Project("{FAE04EC0-301F-11D3-BF4B-00C04F79EFBC}") = "EasyFoodV1.Android", "EasyFoodV1\EasyFoodV1.Android\EasyFoodV1.Android.csproj", "{B5B85B61-C053-4732-9AB7-D2CDE3AD8CC1}"
EndProject
Project("{FAE04EC0-301F-11D3-BF4B-00C04F79EFBC}") = "EasyFoodV1.iOS", "EasyFoodV1\EasyFoodV1.iOS\EasyFoodV1.iOS.csproj", "{CD0EEBEB-7C44-4EEA-A1BD-305623AD8C89}"
EndProject
Project("{9A19103F-16F7-4668-BE54-9A1E7A4F7556}") = "EasyFoodV1", "EasyFoodV1\EasyFoodV1\EasyFoodV1.csproj", "{0002FD26-A206-4534-A248-105743F6D58E}"
EndProject
Project("{FAE04EC0-301F-11D3-BF4B-00C04F79EFBC}") = "WebAPI_EasyFood", "WebAPI_EasyFood\WebAPI_EasyFood.csproj", "{29CB1C98-673F-473F-8586-966405CED3CF}"
EndProject
Project("{FAE04EC0-301F-11D3-BF4B-00C04F79EFBC}") = "DataModel", "DataModel\DataModel.csproj", "{7F8007AE-7713-4FD4-B1AE-CC9F15C7D8EF}"
EndProject
Global
	GlobalSection(SolutionConfigurationPlatforms) = preSolution
		Ad-Hoc|Any CPU = Ad-Hoc|Any CPU
		Ad-Hoc|iPhone = Ad-Hoc|iPhone
		Ad-Hoc|iPhoneSimulator = Ad-Hoc|iPhoneSimulator
		AppStore|Any CPU = AppStore|Any CPU
		AppStore|iPhone = AppStore|iPhone
		AppStore|iPhoneSimulator = AppStore|iPhoneSimulator
		Debug|Any CPU = Debug|Any CPU
		Debug|iPhone = Debug|iPhone
		Debug|iPhoneSimulator = Debug|iPhoneSimulator
		Release|Any CPU = Release|Any CPU
		Release|iPhone = Release|iPhone
		Release|iPhoneSimulator = Release|iPhoneSimulator
	EndGlobalSection
	GlobalSection(ProjectConfigurationPlatforms) = postSolution
		{B5B85B61-C053-4732-9AB7-D2CDE3AD8CC1}.Ad-Hoc|Any CPU.ActiveCfg = Release|Any CPU
		{B5B85B61-C053-4732-9AB7-D2CDE3AD8CC1}.Ad-Hoc|Any CPU.Build.0 = Release|Any CPU
		{B5B85B61-C053-4732-9AB7-D2CDE3AD8CC1}.Ad-Hoc|Any CPU.Deploy.0 = Release|Any CPU
		{B5B85B61-C053-4732-9AB7-D2CDE3AD8CC1}.Ad-Hoc|iPhone.ActiveCfg = Release|Any CPU
		{B5B85B61-C053-4732-9AB7-D2CDE3AD8CC1}.Ad-Hoc|iPhone.Build.0 = Release|Any CPU
		{B5B85B61-C053-4732-9AB7-D2CDE3AD8CC1}.Ad-Hoc|iPhone.Deploy.0 = Release|Any CPU
		{B5B85B61-C053-4732-9AB7-D2CDE3AD8CC1}.Ad-Hoc|iPhoneSimulator.ActiveCfg = Release|Any CPU
		{B5B85B61-C053-4732-9AB7-D2CDE3AD8CC1}.Ad-Hoc|iPhoneSimulator.Build.0 = Release|Any CPU
		{B5B85B61-C053-4732-9AB7-D2CDE3AD8CC1}.Ad-Hoc|iPhoneSimulator.Deploy.0 = Release|Any CPU
		{B5B85B61-C053-4732-9AB7-D2CDE3AD8CC1}.AppStore|Any CPU.ActiveCfg = Release|Any CPU
		{B5B85B61-C053-4732-9AB7-D2CDE3AD8CC1}.AppStore|Any CPU.Build.0 = Release|Any CPU
		{B5B85B61-C053-4732-9AB7-D2CDE3AD8CC1}.AppStore|Any CPU.Deploy.0 = Release|Any CPU
		{B5B85B61-C053-4732-9AB7-D2CDE3AD8CC1}.AppStore|iPhone.ActiveCfg = Release|Any CPU
		{B5B85B61-C053-4732-9AB7-D2CDE3AD8CC1}.AppStore|iPhone.Build.0 = Release|Any CPU
		{B5B85B61-C053-4732-9AB7-D2CDE3AD8CC1}.AppStore|iPhone.Deploy.0 = Release|Any CPU
		{B5B85B61-C053-4732-9AB7-D2CDE3AD8CC1}.AppStore|iPhoneSimulator.ActiveCfg = Release|Any CPU
		{B5B85B61-C053-4732-9AB7-D2CDE3AD8CC1}.AppStore|iPhoneSimulator.Build.0 = Release|Any CPU
		{B5B85B61-C053-4732-9AB7-D2CDE3AD8CC1}.AppStore|iPhoneSimulator.Deploy.0 = Release|Any CPU
		{B5B85B61-C053-4732-9AB7-D2CDE3AD8CC1}.Debug|Any CPU.ActiveCfg = Debug|Any CPU
		{B5B85B61-C053-4732-9AB7-D2CDE3AD8CC1}.Debug|Any CPU.Build.0 = Debug|Any CPU
		{B5B85B61-C053-4732-9AB7-D2CDE3AD8CC1}.Debug|Any CPU.Deploy.0 = Debug|Any CPU
		{B5B85B61-C053-4732-9AB7-D2CDE3AD8CC1}.Debug|iPhone.ActiveCfg = Debug|Any CPU
		{B5B85B61-C053-4732-9AB7-D2CDE3AD8CC1}.Debug|iPhone.Build.0 = Debug|Any CPU
		{B5B85B61-C053-4732-9AB7-D2CDE3AD8CC1}.Debug|iPhone.Deploy.0 = Debug|Any CPU
		{B5B85B61-C053-4732-9AB7-D2CDE3AD8CC1}.Debug|iPhoneSimulator.ActiveCfg = Debug|Any CPU
		{B5B85B61-C053-4732-9AB7-D2CDE3AD8CC1}.Debug|iPhoneSimulator.Build.0 = Debug|Any CPU
		{B5B85B61-C053-4732-9AB7-D2CDE3AD8CC1}.Debug|iPhoneSimulator.Deploy.0 = Debug|Any CPU
		{B5B85B61-C053-4732-9AB7-D2CDE3AD8CC1}.Release|Any CPU.ActiveCfg = Release|Any CPU
		{B5B85B61-C053-4732-9AB7-D2CDE3AD8CC1}.Release|Any CPU.Build.0 = Release|Any CPU
		{B5B85B61-C053-4732-9AB7-D2CDE3AD8CC1}.Release|Any CPU.Deploy.0 = Release|Any CPU
		{B5B85B61-C053-4732-9AB7-D2CDE3AD8CC1}.Release|iPhone.ActiveCfg = Release|Any CPU
		{B5B85B61-C053-4732-9AB7-D2CDE3AD8CC1}.Release|iPhone.Build.0 = Release|Any CPU
		{B5B85B61-C053-4732-9AB7-D2CDE3AD8CC1}.Release|iPhone.Deploy.0 = Release|Any CPU
		{B5B85B61-C053-4732-9AB7-D2CDE3AD8CC1}.Release|iPhoneSimulator.ActiveCfg = Release|Any CPU
		{B5B85B61-C053-4732-9AB7-D2CDE3AD8CC1}.Release|iPhoneSimulator.Build.0 = Release|Any CPU
		{B5B85B61-C053-4732-9AB7-D2CDE3AD8CC1}.Release|iPhoneSimulator.Deploy.0 = Release|Any CPU
		{CD0EEBEB-7C44-4EEA-A1BD-305623AD8C89}.Ad-Hoc|Any CPU.ActiveCfg = Ad-Hoc|iPhone
		{CD0EEBEB-7C44-4EEA-A1BD-305623AD8C89}.Ad-Hoc|Any CPU.Build.0 = Ad-Hoc|iPhone
		{CD0EEBEB-7C44-4EEA-A1BD-305623AD8C89}.Ad-Hoc|Any CPU.Deploy.0 = Ad-Hoc|iPhone
		{CD0EEBEB-7C44-4EEA-A1BD-305623AD8C89}.Ad-Hoc|iPhone.ActiveCfg = Ad-Hoc|iPhone
		{CD0EEBEB-7C44-4EEA-A1BD-305623AD8C89}.Ad-Hoc|iPhone.Build.0 = Ad-Hoc|iPhone
		{CD0EEBEB-7C44-4EEA-A1BD-305623AD8C89}.Ad-Hoc|iPhone.Deploy.0 = Ad-Hoc|iPhone
		{CD0EEBEB-7C44-4EEA-A1BD-305623AD8C89}.Ad-Hoc|iPhoneSimulator.ActiveCfg = Ad-Hoc|iPhoneSimulator
		{CD0EEBEB-7C44-4EEA-A1BD-305623AD8C89}.Ad-Hoc|iPhoneSimulator.Build.0 = Ad-Hoc|iPhoneSimulator
		{CD0EEBEB-7C44-4EEA-A1BD-305623AD8C89}.Ad-Hoc|iPhoneSimulator.Deploy.0 = Ad-Hoc|iPhoneSimulator
		{CD0EEBEB-7C44-4EEA-A1BD-305623AD8C89}.AppStore|Any CPU.ActiveCfg = AppStore|iPhone
		{CD0EEBEB-7C44-4EEA-A1BD-305623AD8C89}.AppStore|Any CPU.Build.0 = AppStore|iPhone
		{CD0EEBEB-7C44-4EEA-A1BD-305623AD8C89}.AppStore|Any CPU.Deploy.0 = AppStore|iPhone
		{CD0EEBEB-7C44-4EEA-A1BD-305623AD8C89}.AppStore|iPhone.ActiveCfg = AppStore|iPhone
		{CD0EEBEB-7C44-4EEA-A1BD-305623AD8C89}.AppStore|iPhone.Build.0 = AppStore|iPhone
		{CD0EEBEB-7C44-4EEA-A1BD-305623AD8C89}.AppStore|iPhone.Deploy.0 = AppStore|iPhone
		{CD0EEBEB-7C44-4EEA-A1BD-305623AD8C89}.AppStore|iPhoneSimulator.ActiveCfg = AppStore|iPhoneSimulator
		{CD0EEBEB-7C44-4EEA-A1BD-305623AD8C89}.AppStore|iPhoneSimulator.Build.0 = AppStore|iPhoneSimulator
		{CD0EEBEB-7C44-4EEA-A1BD-305623AD8C89}.AppStore|iPhoneSimulator.Deploy.0 = AppStore|iPhoneSimulator
		{CD0EEBEB-7C44-4EEA-A1BD-305623AD8C89}.Debug|Any CPU.ActiveCfg = Debug|iPhoneSimulator
		{CD0EEBEB-7C44-4EEA-A1BD-305623AD8C89}.Debug|Any CPU.Build.0 = Debug|iPhoneSimulator
		{CD0EEBEB-7C44-4EEA-A1BD-305623AD8C89}.Debug|Any CPU.Deploy.0 = Debug|iPhoneSimulator
		{CD0EEBEB-7C44-4EEA-A1BD-305623AD8C89}.Debug|iPhone.ActiveCfg = Debug|iPhone
		{CD0EEBEB-7C44-4EEA-A1BD-305623AD8C89}.Debug|iPhone.Build.0 = Debug|iPhone
		{CD0EEBEB-7C44-4EEA-A1BD-305623AD8C89}.Debug|iPhone.Deploy.0 = Debug|iPhone
		{CD0EEBEB-7C44-4EEA-A1BD-305623AD8C89}.Debug|iPhoneSimulator.ActiveCfg = Debug|iPhoneSimulator
		{CD0EEBEB-7C44-4EEA-A1BD-305623AD8C89}.Debug|iPhoneSimulator.Build.0 = Debug|iPhoneSimulator
		{CD0EEBEB-7C44-4EEA-A1BD-305623AD8C89}.Debug|iPhoneSimulator.Deploy.0 = Debug|iPhoneSimulator
		{CD0EEBEB-7C44-4EEA-A1BD-305623AD8C89}.Release|Any CPU.ActiveCfg = Release|iPhone
		{CD0EEBEB-7C44-4EEA-A1BD-305623AD8C89}.Release|Any CPU.Build.0 = Release|iPhone
		{CD0EEBEB-7C44-4EEA-A1BD-305623AD8C89}.Release|Any CPU.Deploy.0 = Release|iPhone
		{CD0EEBEB-7C44-4EEA-A1BD-305623AD8C89}.Release|iPhone.ActiveCfg = Release|iPhone
		{CD0EEBEB-7C44-4EEA-A1BD-305623AD8C89}.Release|iPhone.Build.0 = Release|iPhone
		{CD0EEBEB-7C44-4EEA-A1BD-305623AD8C89}.Release|iPhone.Deploy.0 = Release|iPhone
		{CD0EEBEB-7C44-4EEA-A1BD-305623AD8C89}.Release|iPhoneSimulator.ActiveCfg = Release|iPhoneSimulator
		{CD0EEBEB-7C44-4EEA-A1BD-305623AD8C89}.Release|iPhoneSimulator.Build.0 = Release|iPhoneSimulator
		{CD0EEBEB-7C44-4EEA-A1BD-305623AD8C89}.Release|iPhoneSimulator.Deploy.0 = Release|iPhoneSimulator
		{0002FD26-A206-4534-A248-105743F6D58E}.Ad-Hoc|Any CPU.ActiveCfg = Debug|Any CPU
		{0002FD26-A206-4534-A248-105743F6D58E}.Ad-Hoc|Any CPU.Build.0 = Debug|Any CPU
		{0002FD26-A206-4534-A248-105743F6D58E}.Ad-Hoc|Any CPU.Deploy.0 = Debug|Any CPU
		{0002FD26-A206-4534-A248-105743F6D58E}.Ad-Hoc|iPhone.ActiveCfg = Debug|Any CPU
		{0002FD26-A206-4534-A248-105743F6D58E}.Ad-Hoc|iPhone.Build.0 = Debug|Any CPU
		{0002FD26-A206-4534-A248-105743F6D58E}.Ad-Hoc|iPhone.Deploy.0 = Debug|Any CPU
		{0002FD26-A206-4534-A248-105743F6D58E}.Ad-Hoc|iPhoneSimulator.ActiveCfg = Debug|Any CPU
		{0002FD26-A206-4534-A248-105743F6D58E}.Ad-Hoc|iPhoneSimulator.Build.0 = Debug|Any CPU
		{0002FD26-A206-4534-A248-105743F6D58E}.Ad-Hoc|iPhoneSimulator.Deploy.0 = Debug|Any CPU
		{0002FD26-A206-4534-A248-105743F6D58E}.AppStore|Any CPU.ActiveCfg = Debug|Any CPU
		{0002FD26-A206-4534-A248-105743F6D58E}.AppStore|Any CPU.Build.0 = Debug|Any CPU
		{0002FD26-A206-4534-A248-105743F6D58E}.AppStore|Any CPU.Deploy.0 = Debug|Any CPU
		{0002FD26-A206-4534-A248-105743F6D58E}.AppStore|iPhone.ActiveCfg = Debug|Any CPU
		{0002FD26-A206-4534-A248-105743F6D58E}.AppStore|iPhone.Build.0 = Debug|Any CPU
		{0002FD26-A206-4534-A248-105743F6D58E}.AppStore|iPhone.Deploy.0 = Debug|Any CPU
		{0002FD26-A206-4534-A248-105743F6D58E}.AppStore|iPhoneSimulator.ActiveCfg = Debug|Any CPU
		{0002FD26-A206-4534-A248-105743F6D58E}.AppStore|iPhoneSimulator.Build.0 = Debug|Any CPU
		{0002FD26-A206-4534-A248-105743F6D58E}.AppStore|iPhoneSimulator.Deploy.0 = Debug|Any CPU
		{0002FD26-A206-4534-A248-105743F6D58E}.Debug|Any CPU.ActiveCfg = Debug|Any CPU
		{0002FD26-A206-4534-A248-105743F6D58E}.Debug|Any CPU.Build.0 = Debug|Any CPU
		{0002FD26-A206-4534-A248-105743F6D58E}.Debug|Any CPU.Deploy.0 = Debug|Any CPU
		{0002FD26-A206-4534-A248-105743F6D58E}.Debug|iPhone.ActiveCfg = Debug|Any CPU
		{0002FD26-A206-4534-A248-105743F6D58E}.Debug|iPhone.Build.0 = Debug|Any CPU
		{0002FD26-A206-4534-A248-105743F6D58E}.Debug|iPhone.Deploy.0 = Debug|Any CPU
		{0002FD26-A206-4534-A248-105743F6D58E}.Debug|iPhoneSimulator.ActiveCfg = Debug|Any CPU
		{0002FD26-A206-4534-A248-105743F6D58E}.Debug|iPhoneSimulator.Build.0 = Debug|Any CPU
		{0002FD26-A206-4534-A248-105743F6D58E}.Debug|iPhoneSimulator.Deploy.0 = Debug|Any CPU
		{0002FD26-A206-4534-A248-105743F6D58E}.Release|Any CPU.ActiveCfg = Release|Any CPU
		{0002FD26-A206-4534-A248-105743F6D58E}.Release|Any CPU.Build.0 = Release|Any CPU
		{0002FD26-A206-4534-A248-105743F6D58E}.Release|Any CPU.Deploy.0 = Release|Any CPU
		{0002FD26-A206-4534-A248-105743F6D58E}.Release|iPhone.ActiveCfg = Release|Any CPU
		{0002FD26-A206-4534-A248-105743F6D58E}.Release|iPhone.Build.0 = Release|Any CPU
		{0002FD26-A206-4534-A248-105743F6D58E}.Release|iPhone.Deploy.0 = Release|Any CPU
		{0002FD26-A206-4534-A248-105743F6D58E}.Release|iPhoneSimulator.ActiveCfg = Release|Any CPU
		{0002FD26-A206-4534-A248-105743F6D58E}.Release|iPhoneSimulator.Build.0 = Release|Any CPU
		{0002FD26-A206-4534-A248-105743F6D58E}.Release|iPhoneSimulator.Deploy.0 = Release|Any CPU
		{29CB1C98-673F-473F-8586-966405CED3CF}.Ad-Hoc|Any CPU.ActiveCfg = Release|Any CPU
		{29CB1C98-673F-473F-8586-966405CED3CF}.Ad-Hoc|Any CPU.Build.0 = Release|Any CPU
		{29CB1C98-673F-473F-8586-966405CED3CF}.Ad-Hoc|iPhone.ActiveCfg = Release|Any CPU
		{29CB1C98-673F-473F-8586-966405CED3CF}.Ad-Hoc|iPhone.Build.0 = Release|Any CPU
		{29CB1C98-673F-473F-8586-966405CED3CF}.Ad-Hoc|iPhoneSimulator.ActiveCfg = Release|Any CPU
		{29CB1C98-673F-473F-8586-966405CED3CF}.Ad-Hoc|iPhoneSimulator.Build.0 = Release|Any CPU
		{29CB1C98-673F-473F-8586-966405CED3CF}.AppStore|Any CPU.ActiveCfg = Release|Any CPU
		{29CB1C98-673F-473F-8586-966405CED3CF}.AppStore|Any CPU.Build.0 = Release|Any CPU
		{29CB1C98-673F-473F-8586-966405CED3CF}.AppStore|iPhone.ActiveCfg = Release|Any CPU
		{29CB1C98-673F-473F-8586-966405CED3CF}.AppStore|iPhone.Build.0 = Release|Any CPU
		{29CB1C98-673F-473F-8586-966405CED3CF}.AppStore|iPhoneSimulator.ActiveCfg = Release|Any CPU
		{29CB1C98-673F-473F-8586-966405CED3CF}.AppStore|iPhoneSimulator.Build.0 = Release|Any CPU
		{29CB1C98-673F-473F-8586-966405CED3CF}.Debug|Any CPU.ActiveCfg = Debug|Any CPU
		{29CB1C98-673F-473F-8586-966405CED3CF}.Debug|Any CPU.Build.0 = Debug|Any CPU
		{29CB1C98-673F-473F-8586-966405CED3CF}.Debug|iPhone.ActiveCfg = Debug|Any CPU
		{29CB1C98-673F-473F-8586-966405CED3CF}.Debug|iPhone.Build.0 = Debug|Any CPU
		{29CB1C98-673F-473F-8586-966405CED3CF}.Debug|iPhoneSimulator.ActiveCfg = Debug|Any CPU
		{29CB1C98-673F-473F-8586-966405CED3CF}.Debug|iPhoneSimulator.Build.0 = Debug|Any CPU
		{29CB1C98-673F-473F-8586-966405CED3CF}.Release|Any CPU.ActiveCfg = Release|Any CPU
		{29CB1C98-673F-473F-8586-966405CED3CF}.Release|Any CPU.Build.0 = Release|Any CPU
		{29CB1C98-673F-473F-8586-966405CED3CF}.Release|iPhone.ActiveCfg = Release|Any CPU
		{29CB1C98-673F-473F-8586-966405CED3CF}.Release|iPhone.Build.0 = Release|Any CPU
		{29CB1C98-673F-473F-8586-966405CED3CF}.Release|iPhoneSimulator.ActiveCfg = Release|Any CPU
		{29CB1C98-673F-473F-8586-966405CED3CF}.Release|iPhoneSimulator.Build.0 = Release|Any CPU
		{7F8007AE-7713-4FD4-B1AE-CC9F15C7D8EF}.Ad-Hoc|Any CPU.ActiveCfg = Debug|Any CPU
		{7F8007AE-7713-4FD4-B1AE-CC9F15C7D8EF}.Ad-Hoc|Any CPU.Build.0 = Debug|Any CPU
		{7F8007AE-7713-4FD4-B1AE-CC9F15C7D8EF}.Ad-Hoc|iPhone.ActiveCfg = Debug|Any CPU
		{7F8007AE-7713-4FD4-B1AE-CC9F15C7D8EF}.Ad-Hoc|iPhone.Build.0 = Debug|Any CPU
		{7F8007AE-7713-4FD4-B1AE-CC9F15C7D8EF}.Ad-Hoc|iPhoneSimulator.ActiveCfg = Debug|Any CPU
		{7F8007AE-7713-4FD4-B1AE-CC9F15C7D8EF}.Ad-Hoc|iPhoneSimulator.Build.0 = Debug|Any CPU
		{7F8007AE-7713-4FD4-B1AE-CC9F15C7D8EF}.AppStore|Any CPU.ActiveCfg = Debug|Any CPU
		{7F8007AE-7713-4FD4-B1AE-CC9F15C7D8EF}.AppStore|Any CPU.Build.0 = Debug|Any CPU
		{7F8007AE-7713-4FD4-B1AE-CC9F15C7D8EF}.AppStore|iPhone.ActiveCfg = Debug|Any CPU
		{7F8007AE-7713-4FD4-B1AE-CC9F15C7D8EF}.AppStore|iPhone.Build.0 = Debug|Any CPU
		{7F8007AE-7713-4FD4-B1AE-CC9F15C7D8EF}.AppStore|iPhoneSimulator.ActiveCfg = Debug|Any CPU
		{7F8007AE-7713-4FD4-B1AE-CC9F15C7D8EF}.AppStore|iPhoneSimulator.Build.0 = Debug|Any CPU
		{7F8007AE-7713-4FD4-B1AE-CC9F15C7D8EF}.Debug|Any CPU.ActiveCfg = Debug|Any CPU
		{7F8007AE-7713-4FD4-B1AE-CC9F15C7D8EF}.Debug|Any CPU.Build.0 = Debug|Any CPU
		{7F8007AE-7713-4FD4-B1AE-CC9F15C7D8EF}.Debug|iPhone.ActiveCfg = Debug|Any CPU
		{7F8007AE-7713-4FD4-B1AE-CC9F15C7D8EF}.Debug|iPhone.Build.0 = Debug|Any CPU
		{7F8007AE-7713-4FD4-B1AE-CC9F15C7D8EF}.Debug|iPhoneSimulator.ActiveCfg = Debug|Any CPU
		{7F8007AE-7713-4FD4-B1AE-CC9F15C7D8EF}.Debug|iPhoneSimulator.Build.0 = Debug|Any CPU
		{7F8007AE-7713-4FD4-B1AE-CC9F15C7D8EF}.Release|Any CPU.ActiveCfg = Release|Any CPU
		{7F8007AE-7713-4FD4-B1AE-CC9F15C7D8EF}.Release|Any CPU.Build.0 = Release|Any CPU
		{7F8007AE-7713-4FD4-B1AE-CC9F15C7D8EF}.Release|iPhone.ActiveCfg = Release|Any CPU
		{7F8007AE-7713-4FD4-B1AE-CC9F15C7D8EF}.Release|iPhone.Build.0 = Release|Any CPU
		{7F8007AE-7713-4FD4-B1AE-CC9F15C7D8EF}.Release|iPhoneSimulator.ActiveCfg = Release|Any CPU
		{7F8007AE-7713-4FD4-B1AE-CC9F15C7D8EF}.Release|iPhoneSimulator.Build.0 = Release|Any CPU
	EndGlobalSection
	GlobalSection(SolutionProperties) = preSolution
		HideSolutionNode = FALSE
	EndGlobalSection
	GlobalSection(ExtensibilityGlobals) = postSolution
		SolutionGuid = {6AE0B41B-53FE-4540-AA7F-5E6A8352AD08}
	EndGlobalSection
EndGlobal
